{
  "name": "chess.mjs",
  "version": "2.3.0",
  "lockfileVersion": 2,
  "requires": true,
  "packages": {
    "": {
      "name": "chess.mjs",
      "version": "2.3.0",
      "license": "BSD-2-Clause",
      "devDependencies": {
        "teevi": "^2.3.0"
      }
    },
    "node_modules/teevi": {
      "version": "2.3.0",
      "resolved": "https://registry.npmjs.org/teevi/-/teevi-2.3.0.tgz",
      "integrity": "sha512-0BQaQXWZWyp8GHO+ONZr7ulUkFZlIl/y8DZ7rRwHLiU84w7f7SgGqgp9xPXVqslff7tAHiWH+dTNF77Q68FOWg==",
      "dev": true,
      "license": "MIT"
    }
  },
  "dependencies": {
    "teevi": {
      "version": "2.3.0",
      "resolved": "https://registry.npmjs.org/teevi/-/teevi-2.3.0.tgz",
      "integrity": "sha512-0BQaQXWZWyp8GHO+ONZr7ulUkFZlIl/y8DZ7rRwHLiU84w7f7SgGqgp9xPXVqslff7tAHiWH+dTNF77Q68FOWg==",
      "dev": true
    }
  }
}
